# This file is automatically @generated by Cargo.
# It is not intended for manual editing.
version = 4

[[package]]
name = "civorum-cli"
version = "0.1.0"
dependencies = [
 "civorum-core",
 "civorum-mapgen",
]

[[package]]
name = "civorum-core"
version = "0.1.0"

[[package]]
name = "civorum-mapgen"
version = "0.1.0"
dependencies = [
 "civorum-core",
]
